
Microsoft Visual Studio Solution File, Format Version 12.00
# Visual Studio Version 16
VisualStudioVersion = 16.0.30413.136
MinimumVisualStudioVersion = 10.0.40219.1
Project("{9A19103F-16F7-4668-BE54-9A1E7A4F7556}") = "NutritionManager.Application", "NutritionManager.Application\NutritionManager.Application.csproj", "{CC7E1118-2091-4D98-919F-F7BF19C8C72A}"
EndProject
Project("{9A19103F-16F7-4668-BE54-9A1E7A4F7556}") = "NutritionManager.Application.Test", "NutritionManager.Application.Test\NutritionManager.Application.Test.csproj", "{90188FBC-B1BF-4E72-98C5-18EA354DC37F}"
EndProject
Project("{2150E333-8FDC-42A3-9474-1A3956D46DE8}") = "2.Application", "2.Application", "{38CD2451-929F-4C58-9B85-5AAB13612DAD}"
EndProject
Project("{2150E333-8FDC-42A3-9474-1A3956D46DE8}") = "3.Infrastructure", "3.Infrastructure", "{02C49C06-7DAA-452B-8C3E-2FEE04B2538A}"
EndProject
Project("{2150E333-8FDC-42A3-9474-1A3956D46DE8}") = "1.Presentation", "1.Presentation", "{91C009C6-AE21-4770-954E-79981F10B4B7}"
EndProject
Project("{FAE04EC0-301F-11D3-BF4B-00C04F79EFBC}") = "NutritionManager.DataStore.InMemory", "NutritionManager.DataStore.InMemory\NutritionManager.DataStore.InMemory.csproj", "{102D20B8-A6BA-4B26-914A-463410AE78C7}"
EndProject
Project("{FAE04EC0-301F-11D3-BF4B-00C04F79EFBC}") = "NutritionManager.WebApi", "NutritionManager.WebApi\NutritionManager.WebApi.csproj", "{5D80D3C7-C9A8-4E6B-9D13-BF73C4F58A05}"
EndProject
Project("{2150E333-8FDC-42A3-9474-1A3956D46DE8}") = "4.Shared", "4.Shared", "{BEBD8465-840A-420F-A2F0-2245EA2CB1E5}"
EndProject
Project("{FAE04EC0-301F-11D3-BF4B-00C04F79EFBC}") = "NutritionManager.Crosscutting", "NutritionManager.Crosscutting\NutritionManager.Crosscutting.csproj", "{6692BC76-6C14-4C63-84E5-461EBC321AE4}"
EndProject
Project("{FAE04EC0-301F-11D3-BF4B-00C04F79EFBC}") = "NutritionManager.DataStore.Test", "NutritionManager.DataStore.Test\NutritionManager.DataStore.Test.csproj", "{A3F84EF9-E0DA-4D90-AF3E-4DDBEC94A2C4}"
EndProject
Project("{2150E333-8FDC-42A3-9474-1A3956D46DE8}") = "0.Misc", "0.Misc", "{03834A38-E318-46F9-9F6A-972E097DC1E1}"
EndProject
Project("{FAE04EC0-301F-11D3-BF4B-00C04F79EFBC}") = "NutritionManager.DataStore.Mongo", "NutritionManager.DataStore.Mongo\NutritionManager.DataStore.Mongo.csproj", "{70A3330B-7520-4C55-A865-03CED932DDC1}"
EndProject
Project("{FAE04EC0-301F-11D3-BF4B-00C04F79EFBC}") = "NutritionManager.DataStore.Common", "NutritionManager.DataStore.Common\NutritionManager.DataStore.Common.csproj", "{D1236DD0-CD18-44BE-8305-7B1BE730D3EF}"
EndProject
Global
	GlobalSection(SolutionConfigurationPlatforms) = preSolution
		Debug|Any CPU = Debug|Any CPU
		Release|Any CPU = Release|Any CPU
	EndGlobalSection
	GlobalSection(ProjectConfigurationPlatforms) = postSolution
		{CC7E1118-2091-4D98-919F-F7BF19C8C72A}.Debug|Any CPU.ActiveCfg = Debug|Any CPU
		{CC7E1118-2091-4D98-919F-F7BF19C8C72A}.Debug|Any CPU.Build.0 = Debug|Any CPU
		{CC7E1118-2091-4D98-919F-F7BF19C8C72A}.Release|Any CPU.ActiveCfg = Release|Any CPU
		{CC7E1118-2091-4D98-919F-F7BF19C8C72A}.Release|Any CPU.Build.0 = Release|Any CPU
		{90188FBC-B1BF-4E72-98C5-18EA354DC37F}.Debug|Any CPU.ActiveCfg = Debug|Any CPU
		{90188FBC-B1BF-4E72-98C5-18EA354DC37F}.Debug|Any CPU.Build.0 = Debug|Any CPU
		{90188FBC-B1BF-4E72-98C5-18EA354DC37F}.Release|Any CPU.ActiveCfg = Release|Any CPU
		{90188FBC-B1BF-4E72-98C5-18EA354DC37F}.Release|Any CPU.Build.0 = Release|Any CPU
		{102D20B8-A6BA-4B26-914A-463410AE78C7}.Debug|Any CPU.ActiveCfg = Debug|Any CPU
		{102D20B8-A6BA-4B26-914A-463410AE78C7}.Debug|Any CPU.Build.0 = Debug|Any CPU
		{102D20B8-A6BA-4B26-914A-463410AE78C7}.Release|Any CPU.ActiveCfg = Release|Any CPU
		{102D20B8-A6BA-4B26-914A-463410AE78C7}.Release|Any CPU.Build.0 = Release|Any CPU
		{5D80D3C7-C9A8-4E6B-9D13-BF73C4F58A05}.Debug|Any CPU.ActiveCfg = Debug|Any CPU
		{5D80D3C7-C9A8-4E6B-9D13-BF73C4F58A05}.Debug|Any CPU.Build.0 = Debug|Any CPU
		{5D80D3C7-C9A8-4E6B-9D13-BF73C4F58A05}.Release|Any CPU.ActiveCfg = Release|Any CPU
		{5D80D3C7-C9A8-4E6B-9D13-BF73C4F58A05}.Release|Any CPU.Build.0 = Release|Any CPU
		{6692BC76-6C14-4C63-84E5-461EBC321AE4}.Debug|Any CPU.ActiveCfg = Debug|Any CPU
		{6692BC76-6C14-4C63-84E5-461EBC321AE4}.Debug|Any CPU.Build.0 = Debug|Any CPU
		{6692BC76-6C14-4C63-84E5-461EBC321AE4}.Release|Any CPU.ActiveCfg = Release|Any CPU
		{6692BC76-6C14-4C63-84E5-461EBC321AE4}.Release|Any CPU.Build.0 = Release|Any CPU
		{A3F84EF9-E0DA-4D90-AF3E-4DDBEC94A2C4}.Debug|Any CPU.ActiveCfg = Debug|Any CPU
		{A3F84EF9-E0DA-4D90-AF3E-4DDBEC94A2C4}.Debug|Any CPU.Build.0 = Debug|Any CPU
		{A3F84EF9-E0DA-4D90-AF3E-4DDBEC94A2C4}.Release|Any CPU.ActiveCfg = Release|Any CPU
		{A3F84EF9-E0DA-4D90-AF3E-4DDBEC94A2C4}.Release|Any CPU.Build.0 = Release|Any CPU
		{70A3330B-7520-4C55-A865-03CED932DDC1}.Debug|Any CPU.ActiveCfg = Debug|Any CPU
		{70A3330B-7520-4C55-A865-03CED932DDC1}.Debug|Any CPU.Build.0 = Debug|Any CPU
		{70A3330B-7520-4C55-A865-03CED932DDC1}.Release|Any CPU.ActiveCfg = Release|Any CPU
		{70A3330B-7520-4C55-A865-03CED932DDC1}.Release|Any CPU.Build.0 = Release|Any CPU
		{D1236DD0-CD18-44BE-8305-7B1BE730D3EF}.Debug|Any CPU.ActiveCfg = Debug|Any CPU
		{D1236DD0-CD18-44BE-8305-7B1BE730D3EF}.Debug|Any CPU.Build.0 = Debug|Any CPU
		{D1236DD0-CD18-44BE-8305-7B1BE730D3EF}.Release|Any CPU.ActiveCfg = Release|Any CPU
		{D1236DD0-CD18-44BE-8305-7B1BE730D3EF}.Release|Any CPU.Build.0 = Release|Any CPU
	EndGlobalSection
	GlobalSection(SolutionProperties) = preSolution
		HideSolutionNode = FALSE
	EndGlobalSection
	GlobalSection(NestedProjects) = preSolution
		{CC7E1118-2091-4D98-919F-F7BF19C8C72A} = {38CD2451-929F-4C58-9B85-5AAB13612DAD}
		{90188FBC-B1BF-4E72-98C5-18EA354DC37F} = {38CD2451-929F-4C58-9B85-5AAB13612DAD}
		{102D20B8-A6BA-4B26-914A-463410AE78C7} = {02C49C06-7DAA-452B-8C3E-2FEE04B2538A}
		{5D80D3C7-C9A8-4E6B-9D13-BF73C4F58A05} = {91C009C6-AE21-4770-954E-79981F10B4B7}
		{6692BC76-6C14-4C63-84E5-461EBC321AE4} = {BEBD8465-840A-420F-A2F0-2245EA2CB1E5}
		{A3F84EF9-E0DA-4D90-AF3E-4DDBEC94A2C4} = {02C49C06-7DAA-452B-8C3E-2FEE04B2538A}
		{70A3330B-7520-4C55-A865-03CED932DDC1} = {02C49C06-7DAA-452B-8C3E-2FEE04B2538A}
		{D1236DD0-CD18-44BE-8305-7B1BE730D3EF} = {02C49C06-7DAA-452B-8C3E-2FEE04B2538A}
	EndGlobalSection
	GlobalSection(ExtensibilityGlobals) = postSolution
		SolutionGuid = {257D4ECB-1AF0-4FB7-9006-424A859EEEFA}
	EndGlobalSection
EndGlobal
